
Microsoft Visual Studio Solution File, Format Version 12.00
# Visual Studio Version 16
VisualStudioVersion = 16.0.28922.388
MinimumVisualStudioVersion = 10.0.40219.1
Project("{2150E333-8FDC-42A3-9474-1A3956D46DE8}") = "1.UserInterface", "1.UserInterface", "{E80A11EB-B513-4F08-83C7-5ACD22BEB7B7}"
EndProject
Project("{2150E333-8FDC-42A3-9474-1A3956D46DE8}") = "2.Application", "2.Application", "{70EB499E-AE28-4614-A82E-69490EEFD9EC}"
EndProject
Project("{2150E333-8FDC-42A3-9474-1A3956D46DE8}") = "3.Domain", "3.Domain", "{A1A91EB2-5AE3-4423-8954-C5CE0AFDFFB9}"
EndProject
Project("{2150E333-8FDC-42A3-9474-1A3956D46DE8}") = "4.Infrastructure", "4.Infrastructure", "{C54A90C0-2F85-4211-8B28-D6E173E6AA5B}"
EndProject
Project("{FAE04EC0-301F-11D3-BF4B-00C04F79EFBC}") = "UI.Desktop", "UI.Desktop\UI.Desktop.csproj", "{1B4F47E6-C2B1-423A-9A40-D7D6C0C5D4A0}"
EndProject
Project("{FAE04EC0-301F-11D3-BF4B-00C04F79EFBC}") = "UI.Web", "UI.Web\UI.Web.csproj", "{04500502-0B9C-467B-AA65-CA1F4668E232}"
EndProject
Project("{FAE04EC0-301F-11D3-BF4B-00C04F79EFBC}") = "Aplication", "Aplication\Aplication.csproj", "{C0D81D69-5D3B-467C-9DD8-092E5CB110EF}"
EndProject
Project("{FAE04EC0-301F-11D3-BF4B-00C04F79EFBC}") = "Aplication.Dto", "Aplication.Dto\Aplication.Dto.csproj", "{0B0890D0-C593-4301-9D9B-E3226152C0B7}"
EndProject
Project("{FAE04EC0-301F-11D3-BF4B-00C04F79EFBC}") = "Domain.Model", "Domain.Model\Domain.Model.csproj", "{8737DF45-B274-4EB2-865F-445822399C1C}"
EndProject
Project("{FAE04EC0-301F-11D3-BF4B-00C04F79EFBC}") = "Domain.Services", "Domain.Services\Domain.Services.csproj", "{68B91A21-8D1C-42C2-847D-5D031CA1565C}"
EndProject
Project("{FAE04EC0-301F-11D3-BF4B-00C04F79EFBC}") = "Infra.DataAccess", "Infra.DataAccess\Infra.DataAccess.csproj", "{9DE7147C-D7C7-4151-9E47-30F64B136AE4}"
EndProject
Project("{FAE04EC0-301F-11D3-BF4B-00C04F79EFBC}") = "Infra.CrossCutting", "Infra.CrossCutting\Infra.CrossCutting.csproj", "{004183AB-1E17-4B36-9AC9-D3EAF516AE13}"
EndProject
Project("{FAE04EC0-301F-11D3-BF4B-00C04F79EFBC}") = "Infra.EmailService", "Infra.EmailService\Infra.EmailService.csproj", "{A3FAAD2A-41E3-43F2-B7C3-DAC1B966BF95}"
EndProject
Project("{FAE04EC0-301F-11D3-BF4B-00C04F79EFBC}") = "Infra.ExternalServices", "Infra.ExternalServices\Infra.ExternalServices.csproj", "{C7A96E02-FF4C-469B-9A2E-8D934E081AB9}"
EndProject
Global
	GlobalSection(SolutionConfigurationPlatforms) = preSolution
		Debug|Any CPU = Debug|Any CPU
		Release|Any CPU = Release|Any CPU
	EndGlobalSection
	GlobalSection(ProjectConfigurationPlatforms) = postSolution
		{1B4F47E6-C2B1-423A-9A40-D7D6C0C5D4A0}.Debug|Any CPU.ActiveCfg = Debug|Any CPU
		{1B4F47E6-C2B1-423A-9A40-D7D6C0C5D4A0}.Debug|Any CPU.Build.0 = Debug|Any CPU
		{1B4F47E6-C2B1-423A-9A40-D7D6C0C5D4A0}.Release|Any CPU.ActiveCfg = Release|Any CPU
		{1B4F47E6-C2B1-423A-9A40-D7D6C0C5D4A0}.Release|Any CPU.Build.0 = Release|Any CPU
		{04500502-0B9C-467B-AA65-CA1F4668E232}.Debug|Any CPU.ActiveCfg = Debug|Any CPU
		{04500502-0B9C-467B-AA65-CA1F4668E232}.Debug|Any CPU.Build.0 = Debug|Any CPU
		{04500502-0B9C-467B-AA65-CA1F4668E232}.Release|Any CPU.ActiveCfg = Release|Any CPU
		{04500502-0B9C-467B-AA65-CA1F4668E232}.Release|Any CPU.Build.0 = Release|Any CPU
		{C0D81D69-5D3B-467C-9DD8-092E5CB110EF}.Debug|Any CPU.ActiveCfg = Debug|Any CPU
		{C0D81D69-5D3B-467C-9DD8-092E5CB110EF}.Debug|Any CPU.Build.0 = Debug|Any CPU
		{C0D81D69-5D3B-467C-9DD8-092E5CB110EF}.Release|Any CPU.ActiveCfg = Release|Any CPU
		{C0D81D69-5D3B-467C-9DD8-092E5CB110EF}.Release|Any CPU.Build.0 = Release|Any CPU
		{0B0890D0-C593-4301-9D9B-E3226152C0B7}.Debug|Any CPU.ActiveCfg = Debug|Any CPU
		{0B0890D0-C593-4301-9D9B-E3226152C0B7}.Debug|Any CPU.Build.0 = Debug|Any CPU
		{0B0890D0-C593-4301-9D9B-E3226152C0B7}.Release|Any CPU.ActiveCfg = Release|Any CPU
		{0B0890D0-C593-4301-9D9B-E3226152C0B7}.Release|Any CPU.Build.0 = Release|Any CPU
		{8737DF45-B274-4EB2-865F-445822399C1C}.Debug|Any CPU.ActiveCfg = Debug|Any CPU
		{8737DF45-B274-4EB2-865F-445822399C1C}.Debug|Any CPU.Build.0 = Debug|Any CPU
		{8737DF45-B274-4EB2-865F-445822399C1C}.Release|Any CPU.ActiveCfg = Release|Any CPU
		{8737DF45-B274-4EB2-865F-445822399C1C}.Release|Any CPU.Build.0 = Release|Any CPU
		{68B91A21-8D1C-42C2-847D-5D031CA1565C}.Debug|Any CPU.ActiveCfg = Debug|Any CPU
		{68B91A21-8D1C-42C2-847D-5D031CA1565C}.Debug|Any CPU.Build.0 = Debug|Any CPU
		{68B91A21-8D1C-42C2-847D-5D031CA1565C}.Release|Any CPU.ActiveCfg = Release|Any CPU
		{68B91A21-8D1C-42C2-847D-5D031CA1565C}.Release|Any CPU.Build.0 = Release|Any CPU
		{9DE7147C-D7C7-4151-9E47-30F64B136AE4}.Debug|Any CPU.ActiveCfg = Debug|Any CPU
		{9DE7147C-D7C7-4151-9E47-30F64B136AE4}.Debug|Any CPU.Build.0 = Debug|Any CPU
		{9DE7147C-D7C7-4151-9E47-30F64B136AE4}.Release|Any CPU.ActiveCfg = Release|Any CPU
		{9DE7147C-D7C7-4151-9E47-30F64B136AE4}.Release|Any CPU.Build.0 = Release|Any CPU
		{004183AB-1E17-4B36-9AC9-D3EAF516AE13}.Debug|Any CPU.ActiveCfg = Debug|Any CPU
		{004183AB-1E17-4B36-9AC9-D3EAF516AE13}.Debug|Any CPU.Build.0 = Debug|Any CPU
		{004183AB-1E17-4B36-9AC9-D3EAF516AE13}.Release|Any CPU.ActiveCfg = Release|Any CPU
		{004183AB-1E17-4B36-9AC9-D3EAF516AE13}.Release|Any CPU.Build.0 = Release|Any CPU
		{A3FAAD2A-41E3-43F2-B7C3-DAC1B966BF95}.Debug|Any CPU.ActiveCfg = Debug|Any CPU
		{A3FAAD2A-41E3-43F2-B7C3-DAC1B966BF95}.Debug|Any CPU.Build.0 = Debug|Any CPU
		{A3FAAD2A-41E3-43F2-B7C3-DAC1B966BF95}.Release|Any CPU.ActiveCfg = Release|Any CPU
		{A3FAAD2A-41E3-43F2-B7C3-DAC1B966BF95}.Release|Any CPU.Build.0 = Release|Any CPU
		{C7A96E02-FF4C-469B-9A2E-8D934E081AB9}.Debug|Any CPU.ActiveCfg = Debug|Any CPU
		{C7A96E02-FF4C-469B-9A2E-8D934E081AB9}.Debug|Any CPU.Build.0 = Debug|Any CPU
		{C7A96E02-FF4C-469B-9A2E-8D934E081AB9}.Release|Any CPU.ActiveCfg = Release|Any CPU
		{C7A96E02-FF4C-469B-9A2E-8D934E081AB9}.Release|Any CPU.Build.0 = Release|Any CPU
	EndGlobalSection
	GlobalSection(SolutionProperties) = preSolution
		HideSolutionNode = FALSE
	EndGlobalSection
	GlobalSection(NestedProjects) = preSolution
		{1B4F47E6-C2B1-423A-9A40-D7D6C0C5D4A0} = {E80A11EB-B513-4F08-83C7-5ACD22BEB7B7}
		{04500502-0B9C-467B-AA65-CA1F4668E232} = {E80A11EB-B513-4F08-83C7-5ACD22BEB7B7}
		{C0D81D69-5D3B-467C-9DD8-092E5CB110EF} = {70EB499E-AE28-4614-A82E-69490EEFD9EC}
		{0B0890D0-C593-4301-9D9B-E3226152C0B7} = {70EB499E-AE28-4614-A82E-69490EEFD9EC}
		{8737DF45-B274-4EB2-865F-445822399C1C} = {A1A91EB2-5AE3-4423-8954-C5CE0AFDFFB9}
		{68B91A21-8D1C-42C2-847D-5D031CA1565C} = {A1A91EB2-5AE3-4423-8954-C5CE0AFDFFB9}
		{9DE7147C-D7C7-4151-9E47-30F64B136AE4} = {C54A90C0-2F85-4211-8B28-D6E173E6AA5B}
		{004183AB-1E17-4B36-9AC9-D3EAF516AE13} = {C54A90C0-2F85-4211-8B28-D6E173E6AA5B}
		{A3FAAD2A-41E3-43F2-B7C3-DAC1B966BF95} = {C54A90C0-2F85-4211-8B28-D6E173E6AA5B}
		{C7A96E02-FF4C-469B-9A2E-8D934E081AB9} = {C54A90C0-2F85-4211-8B28-D6E173E6AA5B}
	EndGlobalSection
	GlobalSection(ExtensibilityGlobals) = postSolution
		SolutionGuid = {CF65C371-4E4B-49E8-AD94-9D45682058A5}
	EndGlobalSection
EndGlobal
